
Microsoft Visual Studio Solution File, Format Version 12.00
# Visual Studio Version 17
VisualStudioVersion = 17.2.32505.173
MinimumVisualStudioVersion = 10.0.40219.1
Project("{FAE04EC0-301F-11D3-BF4B-00C04F79EFBC}") = "SayGoodBye_StasIvan", "SayGoodBye_StasIvan.csproj", "{8548D1C0-5A76-4510-8567-1FD6F1EA7BE8}"
EndProject
Global
	GlobalSection(SolutionConfigurationPlatforms) = preSolution
		Debug|Any CPU = Debug|Any CPU
		Release|Any CPU = Release|Any CPU
	EndGlobalSection
	GlobalSection(ProjectConfigurationPlatforms) = postSolution
		{8548D1C0-5A76-4510-8567-1FD6F1EA7BE8}.Debug|Any CPU.ActiveCfg = Debug|Any CPU
		{8548D1C0-5A76-4510-8567-1FD6F1EA7BE8}.Debug|Any CPU.Build.0 = Debug|Any CPU
		{8548D1C0-5A76-4510-8567-1FD6F1EA7BE8}.Release|Any CPU.ActiveCfg = Release|Any CPU
		{8548D1C0-5A76-4510-8567-1FD6F1EA7BE8}.Release|Any CPU.Build.0 = Release|Any CPU
	EndGlobalSection
	GlobalSection(SolutionProperties) = preSolution
		HideSolutionNode = FALSE
	EndGlobalSection
	GlobalSection(ExtensibilityGlobals) = postSolution
		SolutionGuid = {A5CA50D2-5E96-479C-A7BA-021FCD3E04AE}
	EndGlobalSection
EndGlobal
